
Microsoft Visual Studio Solution File, Format Version 12.00
# Visual Studio Version 17
VisualStudioVersion = 17.5.33502.453
MinimumVisualStudioVersion = 10.0.40219.1
Project("{8BC9CEB8-8B4A-11D0-8D11-00A0C91BC942}") = "problemMultiWaris", "problemMultiWaris\problemMultiWaris.vcxproj", "{24A99048-2538-4C90-9990-910E5757E0E7}"
EndProject
Project("{8BC9CEB8-8B4A-11D0-8D11-00A0C91BC942}") = "solveMultiWaris", "solveMultiWaris\solveMultiWaris.vcxproj", "{C63D43A6-6BAE-4487-B860-731AB2D208CA}"
EndProject
Global
	GlobalSection(SolutionConfigurationPlatforms) = preSolution
		Debug|x64 = Debug|x64
		Debug|x86 = Debug|x86
		Release|x64 = Release|x64
		Release|x86 = Release|x86
	EndGlobalSection
	GlobalSection(ProjectConfigurationPlatforms) = postSolution
		{24A99048-2538-4C90-9990-910E5757E0E7}.Debug|x64.ActiveCfg = Debug|x64
		{24A99048-2538-4C90-9990-910E5757E0E7}.Debug|x64.Build.0 = Debug|x64
		{24A99048-2538-4C90-9990-910E5757E0E7}.Debug|x86.ActiveCfg = Debug|Win32
		{24A99048-2538-4C90-9990-910E5757E0E7}.Debug|x86.Build.0 = Debug|Win32
		{24A99048-2538-4C90-9990-910E5757E0E7}.Release|x64.ActiveCfg = Release|x64
		{24A99048-2538-4C90-9990-910E5757E0E7}.Release|x64.Build.0 = Release|x64
		{24A99048-2538-4C90-9990-910E5757E0E7}.Release|x86.ActiveCfg = Release|Win32
		{24A99048-2538-4C90-9990-910E5757E0E7}.Release|x86.Build.0 = Release|Win32
		{C63D43A6-6BAE-4487-B860-731AB2D208CA}.Debug|x64.ActiveCfg = Debug|x64
		{C63D43A6-6BAE-4487-B860-731AB2D208CA}.Debug|x64.Build.0 = Debug|x64
		{C63D43A6-6BAE-4487-B860-731AB2D208CA}.Debug|x86.ActiveCfg = Debug|Win32
		{C63D43A6-6BAE-4487-B860-731AB2D208CA}.Debug|x86.Build.0 = Debug|Win32
		{C63D43A6-6BAE-4487-B860-731AB2D208CA}.Release|x64.ActiveCfg = Release|x64
		{C63D43A6-6BAE-4487-B860-731AB2D208CA}.Release|x64.Build.0 = Release|x64
		{C63D43A6-6BAE-4487-B860-731AB2D208CA}.Release|x86.ActiveCfg = Release|Win32
		{C63D43A6-6BAE-4487-B860-731AB2D208CA}.Release|x86.Build.0 = Release|Win32
	EndGlobalSection
	GlobalSection(SolutionProperties) = preSolution
		HideSolutionNode = FALSE
	EndGlobalSection
	GlobalSection(ExtensibilityGlobals) = postSolution
		SolutionGuid = {43571E8C-E252-42DA-A645-759FFFD38C7F}
	EndGlobalSection
EndGlobal
